
Microsoft Visual Studio Solution File, Format Version 12.00
# Visual Studio 15
VisualStudioVersion = 15.0.27130.2027
MinimumVisualStudioVersion = 10.0.40219.1
Project("{FAE04EC0-301F-11D3-BF4B-00C04F79EFBC}") = "WebApplication8", "WebApplication8\WebApplication8.csproj", "{92DA8713-18B9-4603-9B42-66BEAF861AC3}"
EndProject
Global
	GlobalSection(SolutionConfigurationPlatforms) = preSolution
		Debug|Any CPU = Debug|Any CPU
		Release|Any CPU = Release|Any CPU
	EndGlobalSection
	GlobalSection(ProjectConfigurationPlatforms) = postSolution
		{92DA8713-18B9-4603-9B42-66BEAF861AC3}.Debug|Any CPU.ActiveCfg = Debug|Any CPU
		{92DA8713-18B9-4603-9B42-66BEAF861AC3}.Debug|Any CPU.Build.0 = Debug|Any CPU
		{92DA8713-18B9-4603-9B42-66BEAF861AC3}.Release|Any CPU.ActiveCfg = Release|Any CPU
		{92DA8713-18B9-4603-9B42-66BEAF861AC3}.Release|Any CPU.Build.0 = Release|Any CPU
	EndGlobalSection
	GlobalSection(SolutionProperties) = preSolution
		HideSolutionNode = FALSE
	EndGlobalSection
	GlobalSection(ExtensibilityGlobals) = postSolution
		SolutionGuid = {005AA234-51AC-40B6-A546-35820DC71998}
	EndGlobalSection
EndGlobal
